
Microsoft Visual Studio Solution File, Format Version 12.00
# Visual Studio 2012
Project("{FAE04EC0-301F-11D3-BF4B-00C04F79EFBC}") = "GroupRun.Web", "MvcApplication1\GroupRun.Web.csproj", "{D3AECF54-3E8F-484C-A63F-FF47711B13D9}"
EndProject
Project("{FAE04EC0-301F-11D3-BF4B-00C04F79EFBC}") = "GroupRun.Web.UnitTest", "GroupRun.Tests\GroupRun.Web.UnitTest.csproj", "{B847D048-3988-4C59-929A-101046A4F45C}"
EndProject
Project("{FAE04EC0-301F-11D3-BF4B-00C04F79EFBC}") = "GroupRun.Common", "Common\GroupRun.Common.csproj", "{C30C9597-F33B-4148-9755-3E0D50FDFBCC}"
EndProject
Project("{FAE04EC0-301F-11D3-BF4B-00C04F79EFBC}") = "GroupRun.DataAccess", "Data\GroupRun.DataAccess.csproj", "{8781FEF9-F45F-432C-8841-65F15703F139}"
EndProject
Project("{FAE04EC0-301F-11D3-BF4B-00C04F79EFBC}") = "GroupRun.Logic", "Logic\GroupRun.Logic.csproj", "{784B8F39-30AE-4070-89B6-C723F8F67FB6}"
EndProject
Project("{FAE04EC0-301F-11D3-BF4B-00C04F79EFBC}") = "GroupRun.UnitTest", "UnitTest\GroupRun.UnitTest.csproj", "{21859DB1-CC93-4E82-AEE3-458C60E767D6}"
EndProject
Project("{FAE04EC0-301F-11D3-BF4B-00C04F79EFBC}") = "GroupRun.IntegrationTest", "IntegrationTest\GroupRun.IntegrationTest.csproj", "{CD75B672-E7F2-4F6B-81DD-C85E62E24BFF}"
EndProject
Global
	GlobalSection(SolutionConfigurationPlatforms) = preSolution
		Debug|Any CPU = Debug|Any CPU
		Release|Any CPU = Release|Any CPU
	EndGlobalSection
	GlobalSection(ProjectConfigurationPlatforms) = postSolution
		{D3AECF54-3E8F-484C-A63F-FF47711B13D9}.Debug|Any CPU.ActiveCfg = Debug|Any CPU
		{D3AECF54-3E8F-484C-A63F-FF47711B13D9}.Debug|Any CPU.Build.0 = Debug|Any CPU
		{D3AECF54-3E8F-484C-A63F-FF47711B13D9}.Release|Any CPU.ActiveCfg = Release|Any CPU
		{D3AECF54-3E8F-484C-A63F-FF47711B13D9}.Release|Any CPU.Build.0 = Release|Any CPU
		{B847D048-3988-4C59-929A-101046A4F45C}.Debug|Any CPU.ActiveCfg = Debug|Any CPU
		{B847D048-3988-4C59-929A-101046A4F45C}.Debug|Any CPU.Build.0 = Debug|Any CPU
		{B847D048-3988-4C59-929A-101046A4F45C}.Release|Any CPU.ActiveCfg = Release|Any CPU
		{B847D048-3988-4C59-929A-101046A4F45C}.Release|Any CPU.Build.0 = Release|Any CPU
		{C30C9597-F33B-4148-9755-3E0D50FDFBCC}.Debug|Any CPU.ActiveCfg = Debug|Any CPU
		{C30C9597-F33B-4148-9755-3E0D50FDFBCC}.Debug|Any CPU.Build.0 = Debug|Any CPU
		{C30C9597-F33B-4148-9755-3E0D50FDFBCC}.Release|Any CPU.ActiveCfg = Release|Any CPU
		{C30C9597-F33B-4148-9755-3E0D50FDFBCC}.Release|Any CPU.Build.0 = Release|Any CPU
		{8781FEF9-F45F-432C-8841-65F15703F139}.Debug|Any CPU.ActiveCfg = Debug|Any CPU
		{8781FEF9-F45F-432C-8841-65F15703F139}.Debug|Any CPU.Build.0 = Debug|Any CPU
		{8781FEF9-F45F-432C-8841-65F15703F139}.Release|Any CPU.ActiveCfg = Release|Any CPU
		{8781FEF9-F45F-432C-8841-65F15703F139}.Release|Any CPU.Build.0 = Release|Any CPU
		{784B8F39-30AE-4070-89B6-C723F8F67FB6}.Debug|Any CPU.ActiveCfg = Debug|Any CPU
		{784B8F39-30AE-4070-89B6-C723F8F67FB6}.Debug|Any CPU.Build.0 = Debug|Any CPU
		{784B8F39-30AE-4070-89B6-C723F8F67FB6}.Release|Any CPU.ActiveCfg = Release|Any CPU
		{784B8F39-30AE-4070-89B6-C723F8F67FB6}.Release|Any CPU.Build.0 = Release|Any CPU
		{21859DB1-CC93-4E82-AEE3-458C60E767D6}.Debug|Any CPU.ActiveCfg = Debug|Any CPU
		{21859DB1-CC93-4E82-AEE3-458C60E767D6}.Debug|Any CPU.Build.0 = Debug|Any CPU
		{21859DB1-CC93-4E82-AEE3-458C60E767D6}.Release|Any CPU.ActiveCfg = Release|Any CPU
		{21859DB1-CC93-4E82-AEE3-458C60E767D6}.Release|Any CPU.Build.0 = Release|Any CPU
		{CD75B672-E7F2-4F6B-81DD-C85E62E24BFF}.Debug|Any CPU.ActiveCfg = Debug|Any CPU
		{CD75B672-E7F2-4F6B-81DD-C85E62E24BFF}.Debug|Any CPU.Build.0 = Debug|Any CPU
		{CD75B672-E7F2-4F6B-81DD-C85E62E24BFF}.Release|Any CPU.ActiveCfg = Release|Any CPU
		{CD75B672-E7F2-4F6B-81DD-C85E62E24BFF}.Release|Any CPU.Build.0 = Release|Any CPU
	EndGlobalSection
	GlobalSection(SolutionProperties) = preSolution
		HideSolutionNode = FALSE
	EndGlobalSection
EndGlobal
